# This file is automatically @generated by Cargo.
# It is not intended for manual editing.
version = 4

[[package]]
name = "adler2"
version = "2.0.1"

[[package]]
name = "game_engine"
version = "0.1.0"

[[package]]
name = "miniz_oxide"
version = "0.8.9"
dependencies = [
 "adler2",
]

[[package]]
name = "resource_bundle_loader"
version = "0.1.0"
dependencies = [
 "miniz_oxide",
]
